
Microsoft Visual Studio Solution File, Format Version 10.00
# Visual Studio 2008
Project("{FAE04EC0-301F-11D3-BF4B-00C04F79EFBC}") = "RuleDslCompiler", "RuleDslCompiler.csproj", "{7F3A5F9E-ED86-4765-B5AC-F2BC9258EA96}"
EndProject
Project("{FAE04EC0-301F-11D3-BF4B-00C04F79EFBC}") = "SharedLibrary", "..\SharedLibrary\SharedLibrary.csproj", "{60AD4508-8456-4F0C-88BD-7D0F80B27121}"
EndProject
Project("{FAE04EC0-301F-11D3-BF4B-00C04F79EFBC}") = "Tests", "..\Tests\Tests.csproj", "{C0248247-A6B7-49F5-943C-438CD65582EC}"
EndProject
Global
	GlobalSection(SolutionConfigurationPlatforms) = preSolution
		Debug|Any CPU = Debug|Any CPU
		Release|Any CPU = Release|Any CPU
	EndGlobalSection
	GlobalSection(ProjectConfigurationPlatforms) = postSolution
		{7F3A5F9E-ED86-4765-B5AC-F2BC9258EA96}.Debug|Any CPU.ActiveCfg = Debug|Any CPU
		{7F3A5F9E-ED86-4765-B5AC-F2BC9258EA96}.Debug|Any CPU.Build.0 = Debug|Any CPU
		{7F3A5F9E-ED86-4765-B5AC-F2BC9258EA96}.Release|Any CPU.ActiveCfg = Release|Any CPU
		{7F3A5F9E-ED86-4765-B5AC-F2BC9258EA96}.Release|Any CPU.Build.0 = Release|Any CPU
		{60AD4508-8456-4F0C-88BD-7D0F80B27121}.Debug|Any CPU.ActiveCfg = Debug|Any CPU
		{60AD4508-8456-4F0C-88BD-7D0F80B27121}.Debug|Any CPU.Build.0 = Debug|Any CPU
		{60AD4508-8456-4F0C-88BD-7D0F80B27121}.Release|Any CPU.ActiveCfg = Release|Any CPU
		{60AD4508-8456-4F0C-88BD-7D0F80B27121}.Release|Any CPU.Build.0 = Release|Any CPU
		{C0248247-A6B7-49F5-943C-438CD65582EC}.Debug|Any CPU.ActiveCfg = Debug|Any CPU
		{C0248247-A6B7-49F5-943C-438CD65582EC}.Debug|Any CPU.Build.0 = Debug|Any CPU
		{C0248247-A6B7-49F5-943C-438CD65582EC}.Release|Any CPU.ActiveCfg = Release|Any CPU
		{C0248247-A6B7-49F5-943C-438CD65582EC}.Release|Any CPU.Build.0 = Release|Any CPU
	EndGlobalSection
	GlobalSection(SolutionProperties) = preSolution
		HideSolutionNode = FALSE
	EndGlobalSection
EndGlobal
